# @generated by Move, please check-in and do not edit manually.

[move]
version = 3
manifest_digest = "2D01A8404FD52E7CE261056DC342A0AD99AB094D790DE4E21E9206B35FB76447"
deps_digest = "F8BBB0CCB2491CA29A3DF03D6F92277A4F3574266507ACD77214D37ECA3F3082"
dependencies = [
  { id = "Sui", name = "Sui" },
]

[[move.package]]
id = "MoveStdlib"
source = { git = "https://github.com/MystenLabs/sui.git", rev = "framework/testnet", subdir = "crates/sui-framework/packages/move-stdlib" }

[[move.package]]
id = "Sui"
source = { git = "https://github.com/MystenLabs/sui.git", rev = "framework/testnet", subdir = "crates/sui-framework/packages/sui-framework" }

dependencies = [
  { id = "MoveStdlib", name = "MoveStdlib" },
]

[move.toolchain-version]
compiler-version = "1.55.0"
edition = "2024.alpha"
flavor = "sui"

[env]

[env.localnet]
chain-id = "b45a2508"
original-published-id = "0x2bcb65224e537376b03ec0a7b0e62a5799c00dffac1b55182c74ed45767fde32"
latest-published-id = "0x2bcb65224e537376b03ec0a7b0e62a5799c00dffac1b55182c74ed45767fde32"
published-version = "1"
